
Microsoft Visual Studio Solution File, Format Version 12.00
# Visual Studio Version 16
VisualStudioVersion = 16.0.29020.237
MinimumVisualStudioVersion = 10.0.40219.1
Project("{FAE04EC0-301F-11D3-BF4B-00C04F79EFBC}") = "UIS_System", "UIS_System\UIS_System.csproj", "{69D7534A-C298-4F41-BC70-0F9E7378918B}"
EndProject
Global
	GlobalSection(SolutionConfigurationPlatforms) = preSolution
		Debug|Any CPU = Debug|Any CPU
		Release|Any CPU = Release|Any CPU
	EndGlobalSection
	GlobalSection(ProjectConfigurationPlatforms) = postSolution
		{69D7534A-C298-4F41-BC70-0F9E7378918B}.Debug|Any CPU.ActiveCfg = Debug|Any CPU
		{69D7534A-C298-4F41-BC70-0F9E7378918B}.Debug|Any CPU.Build.0 = Debug|Any CPU
		{69D7534A-C298-4F41-BC70-0F9E7378918B}.Release|Any CPU.ActiveCfg = Release|Any CPU
		{69D7534A-C298-4F41-BC70-0F9E7378918B}.Release|Any CPU.Build.0 = Release|Any CPU
	EndGlobalSection
	GlobalSection(SolutionProperties) = preSolution
		HideSolutionNode = FALSE
	EndGlobalSection
	GlobalSection(ExtensibilityGlobals) = postSolution
		SolutionGuid = {C46213DF-1860-42AE-B4E3-F8E6ADA6C0CE}
	EndGlobalSection
EndGlobal
